{
  "name": "tree-sitter-pyhtml",
  "version": "1.0.0",
  "lockfileVersion": 3,
  "requires": true,
  "packages": {
    "": {
      "name": "tree-sitter-pyhtml",
      "version": "1.0.0",
      "license": "ISC",
      "devDependencies": {
        "nan": "^2.24.0",
        "tree-sitter-cli": "^0.26.3"
      }
    },
    "node_modules/nan": {
      "version": "2.24.0",
      "resolved": "https://registry.npmjs.org/nan/-/nan-2.24.0.tgz",
      "integrity": "sha512-Vpf9qnVW1RaDkoNKFUvfxqAbtI8ncb8OJlqZ9wwpXzWPEsvsB1nvdUi6oYrHIkQ1Y/tMDnr1h4nczS0VB9Xykg==",
      "dev": true,
      "license": "MIT"
    },
    "node_modules/tree-sitter-cli": {
      "version": "0.26.3",
      "resolved": "https://registry.npmjs.org/tree-sitter-cli/-/tree-sitter-cli-0.26.3.tgz",
      "integrity": "sha512-1VHpmjnTsYJk03HDqzLGn9dmJaLsJ7YeGsnnSudC6XOZu5oasz0GEVOIVCTe6hA01YZJgHd1XGO6XJZe0Sj7tw==",
      "dev": true,
      "hasInstallScript": true,
      "license": "MIT",
      "bin": {
        "tree-sitter": "cli.js"
      },
      "engines": {
        "node": ">=12.0.0"
      }
    }
  }
}
